Microsoft Visual Studio Solution File, Format Version 12.00
# Visual Studio Version 17
VisualStudioVersion = 17.5.2.0
MinimumVisualStudioVersion = 10.0.40219.1
Project("{FAE04EC0-301F-11D3-BF4B-00C04F79EFBC}") = "WindowEntry", "WindowEntry.csproj", "{EA7C09F3-FFB8-E859-DD69-84479B23B676}"
EndProject
Global
	GlobalSection(SolutionConfigurationPlatforms) = preSolution
		Debug|Any CPU = Debug|Any CPU
		Release|Any CPU = Release|Any CPU
	EndGlobalSection
	GlobalSection(ProjectConfigurationPlatforms) = postSolution
		{EA7C09F3-FFB8-E859-DD69-84479B23B676}.Debug|Any CPU.ActiveCfg = Debug|Any CPU
		{EA7C09F3-FFB8-E859-DD69-84479B23B676}.Debug|Any CPU.Build.0 = Debug|Any CPU
		{EA7C09F3-FFB8-E859-DD69-84479B23B676}.Release|Any CPU.ActiveCfg = Release|Any CPU
		{EA7C09F3-FFB8-E859-DD69-84479B23B676}.Release|Any CPU.Build.0 = Release|Any CPU
	EndGlobalSection
	GlobalSection(SolutionProperties) = preSolution
		HideSolutionNode = FALSE
	EndGlobalSection
	GlobalSection(ExtensibilityGlobals) = postSolution
		SolutionGuid = {1C6393B9-434B-4FE7-8E70-5FCAE7D73ED2}
	EndGlobalSection
EndGlobal
